// !$*UTF8*$!
{
	archiveVersion = 1;
	classes = {
	};
	objectVersion = 50;
	objects = {

/* Begin PBXBuildFile section */
		5B4398D421DA183D009B3E72 /* ViewController.swift in Sources */ = {isa = PBXBuildFile; fileRef = 5B4398AA21DA183C009B3E72 /* ViewController.swift */; };
		5B4398D521DA183D009B3E72 /* AllDataCategory.swift in Sources */ = {isa = PBXBuildFile; fileRef = 5B4398AB21DA183C009B3E72 /* AllDataCategory.swift */; };
		5B4398D621DA183D009B3E72 /* TableCategoryVC.swift in Sources */ = {isa = PBXBuildFile; fileRef = 5B4398AC21DA183C009B3E72 /* TableCategoryVC.swift */; };
		5B4398D721DA183D009B3E72 /* ItemsCell.xib in Resources */ = {isa = PBXBuildFile; fileRef = 5B4398AF21DA183C009B3E72 /* ItemsCell.xib */; };
		5B4398D821DA183D009B3E72 /* ItemsCell.swift in Sources */ = {isa = PBXBuildFile; fileRef = 5B4398B021DA183C009B3E72 /* ItemsCell.swift */; };
		5B4398D921DA183D009B3E72 /* MainConfig.swift in Sources */ = {isa = PBXBuildFile; fileRef = 5B4398B221DA183C009B3E72 /* MainConfig.swift */; };
		5B4398DA21DA183D009B3E72 /* DataSource.swift in Sources */ = {isa = PBXBuildFile; fileRef = 5B4398B321DA183C009B3E72 /* DataSource.swift */; };
		5B4398DB21DA183D009B3E72 /* ProtocolCategory.swift in Sources */ = {isa = PBXBuildFile; fileRef = 5B4398B621DA183D009B3E72 /* ProtocolCategory.swift */; };
		5B4398DC21DA183D009B3E72 /* AutoShop.swift in Sources */ = {isa = PBXBuildFile; fileRef = 5B4398B821DA183D009B3E72 /* AutoShop.swift */; };
		5B4398DD21DA183D009B3E72 /* Repairt.swift in Sources */ = {isa = PBXBuildFile; fileRef = 5B4398B921DA183D009B3E72 /* Repairt.swift */; };
		5B4398EB21DA183D009B3E72 /* ProtocolsCars.swift in Sources */ = {isa = PBXBuildFile; fileRef = 5B4398CC21DA183D009B3E72 /* ProtocolsCars.swift */; };
		5B4398EC21DA183D009B3E72 /* Priora.swift in Sources */ = {isa = PBXBuildFile; fileRef = 5B4398CD21DA183D009B3E72 /* Priora.swift */; };
		5B4398ED21DA183D009B3E72 /* Kalina.swift in Sources */ = {isa = PBXBuildFile; fileRef = 5B4398CE21DA183D009B3E72 /* Kalina.swift */; };
		5B4398EE21DA183D009B3E72 /* XRay.swift in Sources */ = {isa = PBXBuildFile; fileRef = 5B4398CF21DA183D009B3E72 /* XRay.swift */; };
		5B4398EF21DA183D009B3E72 /* Vesta.swift in Sources */ = {isa = PBXBuildFile; fileRef = 5B4398D021DA183D009B3E72 /* Vesta.swift */; };
		5B4398F021DA183D009B3E72 /* FactoryCars.swift in Sources */ = {isa = PBXBuildFile; fileRef = 5B4398D121DA183D009B3E72 /* FactoryCars.swift */; };
		5BB2853621D82E2200D84D97 /* AppDelegate.swift in Sources */ = {isa = PBXBuildFile; fileRef = 5BB2853521D82E2200D84D97 /* AppDelegate.swift */; };
		5BB2853B21D82E2200D84D97 /* Main.storyboard in Resources */ = {isa = PBXBuildFile; fileRef = 5BB2853921D82E2200D84D97 /* Main.storyboard */; };
		5BB2853D21D82E2400D84D97 /* Assets.xcassets in Resources */ = {isa = PBXBuildFile; fileRef = 5BB2853C21D82E2400D84D97 /* Assets.xcassets */; };
		5BB2854021D82E2400D84D97 /* LaunchScreen.storyboard in Resources */ = {isa = PBXBuildFile; fileRef = 5BB2853E21D82E2400D84D97 /* LaunchScreen.storyboard */; };
		5BB2854B21D82E2400D84D97 /* AutoShopTests.swift in Sources */ = {isa = PBXBuildFile; fileRef = 5BB2854A21D82E2400D84D97 /* AutoShopTests.swift */; };
		5BB2855621D82E2400D84D97 /* AutoShopUITests.swift in Sources */ = {isa = PBXBuildFile; fileRef = 5BB2855521D82E2400D84D97 /* AutoShopUITests.swift */; };
/* End PBXBuildFile section */

/* Begin PBXContainerItemProxy section */
		5BB2854721D82E2400D84D97 /* PBXContainerItemProxy */ = {
			isa = PBXContainerItemProxy;
			containerPortal = 5BB2852A21D82E2200D84D97 /* Project object */;
			proxyType = 1;
			remoteGlobalIDString = 5BB2853121D82E2200D84D97;
			remoteInfo = AutoShop;
		};
		5BB2855221D82E2400D84D97 /* PBXContainerItemProxy */ = {
			isa = PBXContainerItemProxy;
			containerPortal = 5BB2852A21D82E2200D84D97 /* Project object */;
			proxyType = 1;
			remoteGlobalIDString = 5BB2853121D82E2200D84D97;
			remoteInfo = AutoShop;
		};
/* End PBXContainerItemProxy section */

/* Begin PBXFileReference section */
		5B4398AA21DA183C009B3E72 /* ViewController.swift */ = {isa = PBXFileReference; fileEncoding = 4; lastKnownFileType = sourcecode.swift; path = ViewController.swift; sourceTree = "<group>"; };
		5B4398AB21DA183C009B3E72 /* AllDataCategory.swift */ = {isa = PBXFileReference; fileEncoding = 4; lastKnownFileType = sourcecode.swift; path = AllDataCategory.swift; sourceTree = "<group>"; };
		5B4398AC21DA183C009B3E72 /* TableCategoryVC.swift */ = {isa = PBXFileReference; fileEncoding = 4; lastKnownFileType = sourcecode.swift; path = TableCategoryVC.swift; sourceTree = "<group>"; };
		5B4398AF21DA183C009B3E72 /* ItemsCell.xib */ = {isa = PBXFileReference; fileEncoding = 4; lastKnownFileType = file.xib; path = ItemsCell.xib; sourceTree = "<group>"; };
		5B4398B021DA183C009B3E72 /* ItemsCell.swift */ = {isa = PBXFileReference; fileEncoding = 4; lastKnownFileType = sourcecode.swift; path = ItemsCell.swift; sourceTree = "<group>"; };
		5B4398B221DA183C009B3E72 /* MainConfig.swift */ = {isa = PBXFileReference; fileEncoding = 4; lastKnownFileType = sourcecode.swift; path = MainConfig.swift; sourceTree = "<group>"; };
		5B4398B321DA183C009B3E72 /* DataSource.swift */ = {isa = PBXFileReference; fileEncoding = 4; lastKnownFileType = sourcecode.swift; path = DataSource.swift; sourceTree = "<group>"; };
		5B4398B621DA183D009B3E72 /* ProtocolCategory.swift */ = {isa = PBXFileReference; fileEncoding = 4; lastKnownFileType = sourcecode.swift; path = ProtocolCategory.swift; sourceTree = "<group>"; };
		5B4398B821DA183D009B3E72 /* AutoShop.swift */ = {isa = PBXFileReference; fileEncoding = 4; lastKnownFileType = sourcecode.swift; path = AutoShop.swift; sourceTree = "<group>"; };
		5B4398B921DA183D009B3E72 /* Repairt.swift */ = {isa = PBXFileReference; fileEncoding = 4; lastKnownFileType = sourcecode.swift; path = Repairt.swift; sourceTree = "<group>"; };
		5B4398CC21DA183D009B3E72 /* ProtocolsCars.swift */ = {isa = PBXFileReference; fileEncoding = 4; lastKnownFileType = sourcecode.swift; path = ProtocolsCars.swift; sourceTree = "<group>"; };
		5B4398CD21DA183D009B3E72 /* Priora.swift */ = {isa = PBXFileReference; fileEncoding = 4; lastKnownFileType = sourcecode.swift; path = Priora.swift; sourceTree = "<group>"; };
		5B4398CE21DA183D009B3E72 /* Kalina.swift */ = {isa = PBXFileReference; fileEncoding = 4; lastKnownFileType = sourcecode.swift; path = Kalina.swift; sourceTree = "<group>"; };
		5B4398CF21DA183D009B3E72 /* XRay.swift */ = {isa = PBXFileReference; fileEncoding = 4; lastKnownFileType = sourcecode.swift; path = XRay.swift; sourceTree = "<group>"; };
		5B4398D021DA183D009B3E72 /* Vesta.swift */ = {isa = PBXFileReference; fileEncoding = 4; lastKnownFileType = sourcecode.swift; path = Vesta.swift; sourceTree = "<group>"; };
		5B4398D121DA183D009B3E72 /* FactoryCars.swift */ = {isa = PBXFileReference; fileEncoding = 4; lastKnownFileType = sourcecode.swift; path = FactoryCars.swift; sourceTree = "<group>"; };
		5BB2853221D82E2200D84D97 /* AutoShop.app */ = {isa = PBXFileReference; explicitFileType = wrapper.application; includeInIndex = 0; path = AutoShop.app; sourceTree = BUILT_PRODUCTS_DIR; };
		5BB2853521D82E2200D84D97 /* AppDelegate.swift */ = {isa = PBXFileReference; lastKnownFileType = sourcecode.swift; path = AppDelegate.swift; sourceTree = "<group>"; };
		5BB2853A21D82E2200D84D97 /* Base */ = {isa = PBXFileReference; lastKnownFileType = file.storyboard; name = Base; path = Base.lproj/Main.storyboard; sourceTree = "<group>"; };
		5BB2853C21D82E2400D84D97 /* Assets.xcassets */ = {isa = PBXFileReference; lastKnownFileType = folder.assetcatalog; path = Assets.xcassets; sourceTree = "<group>"; };
		5BB2853F21D82E2400D84D97 /* Base */ = {isa = PBXFileReference; lastKnownFileType = file.storyboard; name = Base; path = Base.lproj/LaunchScreen.storyboard; sourceTree = "<group>"; };
		5BB2854121D82E2400D84D97 /* Info.plist */ = {isa = PBXFileReference; lastKnownFileType = text.plist.xml; path = Info.plist; sourceTree = "<group>"; };
		5BB2854621D82E2400D84D97 /* AutoShopTests.xctest */ = {isa = PBXFileReference; explicitFileType = wrapper.cfbundle; includeInIndex = 0; path = AutoShopTests.xctest; sourceTree = BUILT_PRODUCTS_DIR; };
		5BB2854A21D82E2400D84D97 /* AutoShopTests.swift */ = {isa = PBXFileReference; lastKnownFileType = sourcecode.swift; path = AutoShopTests.swift; sourceTree = "<group>"; };
		5BB2854C21D82E2400D84D97 /* Info.plist */ = {isa = PBXFileReference; lastKnownFileType = text.plist.xml; path = Info.plist; sourceTree = "<group>"; };
		5BB2855121D82E2400D84D97 /* AutoShopUITests.xctest */ = {isa = PBXFileReference; explicitFileType = wrapper.cfbundle; includeInIndex = 0; path = AutoShopUITests.xctest; sourceTree = BUILT_PRODUCTS_DIR; };
		5BB2855521D82E2400D84D97 /* AutoShopUITests.swift */ = {isa = PBXFileReference; lastKnownFileType = sourcecode.swift; path = AutoShopUITests.swift; sourceTree = "<group>"; };
		5BB2855721D82E2400D84D97 /* Info.plist */ = {isa = PBXFileReference; lastKnownFileType = text.plist.xml; path = Info.plist; sourceTree = "<group>"; };
/* End PBXFileReference section */

/* Begin PBXFrameworksBuildPhase section */
		5BB2852F21D82E2200D84D97 /* Frameworks */ = {
			isa = PBXFrameworksBuildPhase;
			buildActionMask = 2147483647;
			files = (
			);
			runOnlyForDeploymentPostprocessing = 0;
		};
		5BB2854321D82E2400D84D97 /* Frameworks */ = {
			isa = PBXFrameworksBuildPhase;
			buildActionMask = 2147483647;
			files = (
			);
			runOnlyForDeploymentPostprocessing = 0;
		};
		5BB2854E21D82E2400D84D97 /* Frameworks */ = {
			isa = PBXFrameworksBuildPhase;
			buildActionMask = 2147483647;
			files = (
			);
			runOnlyForDeploymentPostprocessing = 0;
		};
/* End PBXFrameworksBuildPhase section */

/* Begin PBXGroup section */
		5B4398A921DA183C009B3E72 /* Controllers */ = {
			isa = PBXGroup;
			children = (
				5B4398AA21DA183C009B3E72 /* ViewController.swift */,
				5B4398AB21DA183C009B3E72 /* AllDataCategory.swift */,
				5B4398AC21DA183C009B3E72 /* TableCategoryVC.swift */,
			);
			path = Controllers;
			sourceTree = "<group>";
		};
		5B4398AD21DA183C009B3E72 /* XIBs */ = {
			isa = PBXGroup;
			children = (
				5B4398AE21DA183C009B3E72 /* Items */,
			);
			path = XIBs;
			sourceTree = "<group>";
		};
		5B4398AE21DA183C009B3E72 /* Items */ = {
			isa = PBXGroup;
			children = (
				5B4398AF21DA183C009B3E72 /* ItemsCell.xib */,
				5B4398B021DA183C009B3E72 /* ItemsCell.swift */,
			);
			path = Items;
			sourceTree = "<group>";
		};
		5B4398B121DA183C009B3E72 /* Config */ = {
			isa = PBXGroup;
			children = (
				5B4398B221DA183C009B3E72 /* MainConfig.swift */,
				5B4398B321DA183C009B3E72 /* DataSource.swift */,
			);
			path = Config;
			sourceTree = "<group>";
		};
		5B4398B421DA183C009B3E72 /* Models */ = {
			isa = PBXGroup;
			children = (
				5B4398B521DA183D009B3E72 /* ModelCategories */,
				5B4398CB21DA183D009B3E72 /* ModelAutoShop */,
				5B4398D221DA183D009B3E72 /* AutoModel */,
			);
			path = Models;
			sourceTree = "<group>";
		};
		5B4398B521DA183D009B3E72 /* ModelCategories */ = {
			isa = PBXGroup;
			children = (
				5B4398B621DA183D009B3E72 /* ProtocolCategory.swift */,
				5B4398B721DA183D009B3E72 /* Category */,
			);
			path = ModelCategories;
			sourceTree = "<group>";
		};
		5B4398B721DA183D009B3E72 /* Category */ = {
			isa = PBXGroup;
			children = (
				5B4398B821DA183D009B3E72 /* AutoShop.swift */,
				5B4398B921DA183D009B3E72 /* Repairt.swift */,
			);
			path = Category;
			sourceTree = "<group>";
		};
		5B4398CB21DA183D009B3E72 /* ModelAutoShop */ = {
			isa = PBXGroup;
			children = (
				5B4398CC21DA183D009B3E72 /* ProtocolsCars.swift */,
				5B4398CD21DA183D009B3E72 /* Priora.swift */,
				5B4398CE21DA183D009B3E72 /* Kalina.swift */,
				5B4398CF21DA183D009B3E72 /* XRay.swift */,
				5B4398D021DA183D009B3E72 /* Vesta.swift */,
				5B4398D121DA183D009B3E72 /* FactoryCars.swift */,
			);
			path = ModelAutoShop;
			sourceTree = "<group>";
		};
		5B4398D221DA183D009B3E72 /* AutoModel */ = {
			isa = PBXGroup;
			children = (
				5B4398D321DA183D009B3E72 /* ModelRepairParts */,
			);
			path = AutoModel;
			sourceTree = "<group>";
		};
		5B4398D321DA183D009B3E72 /* ModelRepairParts */ = {
			isa = PBXGroup;
			children = (
			);
			path = ModelRepairParts;
			sourceTree = "<group>";
		};
		5BB2852921D82E2200D84D97 = {
			isa = PBXGroup;
			children = (
				5BB2853421D82E2200D84D97 /* AutoShop */,
				5BB2854921D82E2400D84D97 /* AutoShopTests */,
				5BB2855421D82E2400D84D97 /* AutoShopUITests */,
				5BB2853321D82E2200D84D97 /* Products */,
			);
			sourceTree = "<group>";
		};
		5BB2853321D82E2200D84D97 /* Products */ = {
			isa = PBXGroup;
			children = (
				5BB2853221D82E2200D84D97 /* AutoShop.app */,
				5BB2854621D82E2400D84D97 /* AutoShopTests.xctest */,
				5BB2855121D82E2400D84D97 /* AutoShopUITests.xctest */,
			);
			name = Products;
			sourceTree = "<group>";
		};
		5BB2853421D82E2200D84D97 /* AutoShop */ = {
			isa = PBXGroup;
			children = (
				5B4398B121DA183C009B3E72 /* Config */,
				5B4398A921DA183C009B3E72 /* Controllers */,
				5B4398B421DA183C009B3E72 /* Models */,
				5B4398AD21DA183C009B3E72 /* XIBs */,
				5BB2853521D82E2200D84D97 /* AppDelegate.swift */,
				5BB2853921D82E2200D84D97 /* Main.storyboard */,
				5BB2853C21D82E2400D84D97 /* Assets.xcassets */,
				5BB2853E21D82E2400D84D97 /* LaunchScreen.storyboard */,
				5BB2854121D82E2400D84D97 /* Info.plist */,
			);
			path = AutoShop;
			sourceTree = "<group>";
		};
		5BB2854921D82E2400D84D97 /* AutoShopTests */ = {
			isa = PBXGroup;
			children = (
				5BB2854A21D82E2400D84D97 /* AutoShopTests.swift */,
				5BB2854C21D82E2400D84D97 /* Info.plist */,
			);
			path = AutoShopTests;
			sourceTree = "<group>";
		};
		5BB2855421D82E2400D84D97 /* AutoShopUITests */ = {
			isa = PBXGroup;
			children = (
				5BB2855521D82E2400D84D97 /* AutoShopUITests.swift */,
				5BB2855721D82E2400D84D97 /* Info.plist */,
			);
			path = AutoShopUITests;
			sourceTree = "<group>";
		};
/* End PBXGroup section */

/* Begin PBXNativeTarget section */
		5BB2853121D82E2200D84D97 /* AutoShop */ = {
			isa = PBXNativeTarget;
			buildConfigurationList = 5BB2855A21D82E2400D84D97 /* Build configuration list for PBXNativeTarget "AutoShop" */;
			buildPhases = (
				5BB2852E21D82E2200D84D97 /* Sources */,
				5BB2852F21D82E2200D84D97 /* Frameworks */,
				5BB2853021D82E2200D84D97 /* Resources */,
			);
			buildRules = (
			);
			dependencies = (
			);
			name = AutoShop;
			productName = AutoShop;
			productReference = 5BB2853221D82E2200D84D97 /* AutoShop.app */;
			productType = "com.apple.product-type.application";
		};
		5BB2854521D82E2400D84D97 /* AutoShopTests */ = {
			isa = PBXNativeTarget;
			buildConfigurationList = 5BB2855D21D82E2400D84D97 /* Build configuration list for PBXNativeTarget "AutoShopTests" */;
			buildPhases = (
				5BB2854221D82E2400D84D97 /* Sources */,
				5BB2854321D82E2400D84D97 /* Frameworks */,
				5BB2854421D82E2400D84D97 /* Resources */,
			);
			buildRules = (
			);
			dependencies = (
				5BB2854821D82E2400D84D97 /* PBXTargetDependency */,
			);
			name = AutoShopTests;
			productName = AutoShopTests;
			productReference = 5BB2854621D82E2400D84D97 /* AutoShopTests.xctest */;
			productType = "com.apple.product-type.bundle.unit-test";
		};
		5BB2855021D82E2400D84D97 /* AutoShopUITests */ = {
			isa = PBXNativeTarget;
			buildConfigurationList = 5BB2856021D82E2400D84D97 /* Build configuration list for PBXNativeTarget "AutoShopUITests" */;
			buildPhases = (
				5BB2854D21D82E2400D84D97 /* Sources */,
				5BB2854E21D82E2400D84D97 /* Frameworks */,
				5BB2854F21D82E2400D84D97 /* Resources */,
			);
			buildRules = (
			);
			dependencies = (
				5BB2855321D82E2400D84D97 /* PBXTargetDependency */,
			);
			name = AutoShopUITests;
			productName = AutoShopUITests;
			productReference = 5BB2855121D82E2400D84D97 /* AutoShopUITests.xctest */;
			productType = "com.apple.product-type.bundle.ui-testing";
		};
/* End PBXNativeTarget section */

/* Begin PBXProject section */
		5BB2852A21D82E2200D84D97 /* Project object */ = {
			isa = PBXProject;
			attributes = {
				LastSwiftUpdateCheck = 1010;
				LastUpgradeCheck = 1010;
				ORGANIZATIONNAME = Yuriy;
				TargetAttributes = {
					5BB2853121D82E2200D84D97 = {
						CreatedOnToolsVersion = 10.1;
					};
					5BB2854521D82E2400D84D97 = {
						CreatedOnToolsVersion = 10.1;
						TestTargetID = 5BB2853121D82E2200D84D97;
					};
					5BB2855021D82E2400D84D97 = {
						CreatedOnToolsVersion = 10.1;
						TestTargetID = 5BB2853121D82E2200D84D97;
					};
				};
			};
			buildConfigurationList = 5BB2852D21D82E2200D84D97 /* Build configuration list for PBXProject "AutoShop" */;
			compatibilityVersion = "Xcode 9.3";
			developmentRegion = en;
			hasScannedForEncodings = 0;
			knownRegions = (
				en,
				Base,
			);
			mainGroup = 5BB2852921D82E2200D84D97;
			productRefGroup = 5BB2853321D82E2200D84D97 /* Products */;
			projectDirPath = "";
			projectRoot = "";
			targets = (
				5BB2853121D82E2200D84D97 /* AutoShop */,
				5BB2854521D82E2400D84D97 /* AutoShopTests */,
				5BB2855021D82E2400D84D97 /* AutoShopUITests */,
			);
		};
/* End PBXProject section */

/* Begin PBXResourcesBuildPhase section */
		5BB2853021D82E2200D84D97 /* Resources */ = {
			isa = PBXResourcesBuildPhase;
			buildActionMask = 2147483647;
			files = (
				5B4398D721DA183D009B3E72 /* ItemsCell.xib in Resources */,
				5BB2854021D82E2400D84D97 /* LaunchScreen.storyboard in Resources */,
				5BB2853D21D82E2400D84D97 /* Assets.xcassets in Resources */,
				5BB2853B21D82E2200D84D97 /* Main.storyboard in Resources */,
			);
			runOnlyForDeploymentPostprocessing = 0;
		};
		5BB2854421D82E2400D84D97 /* Resources */ = {
			isa = PBXResourcesBuildPhase;
			buildActionMask = 2147483647;
			files = (
			);
			runOnlyForDeploymentPostprocessing = 0;
		};
		5BB2854F21D82E2400D84D97 /* Resources */ = {
			isa = PBXResourcesBuildPhase;
			buildActionMask = 2147483647;
			files = (
			);
			runOnlyForDeploymentPostprocessing = 0;
		};
/* End PBXResourcesBuildPhase section */

/* Begin PBXSourcesBuildPhase section */
		5BB2852E21D82E2200D84D97 /* Sources */ = {
			isa = PBXSourcesBuildPhase;
			buildActionMask = 2147483647;
			files = (
				5B4398DA21DA183D009B3E72 /* DataSource.swift in Sources */,
				5B4398EC21DA183D009B3E72 /* Priora.swift in Sources */,
				5B4398DB21DA183D009B3E72 /* ProtocolCategory.swift in Sources */,
				5B4398EB21DA183D009B3E72 /* ProtocolsCars.swift in Sources */,
				5B4398D821DA183D009B3E72 /* ItemsCell.swift in Sources */,
				5B4398F021DA183D009B3E72 /* FactoryCars.swift in Sources */,
				5B4398EF21DA183D009B3E72 /* Vesta.swift in Sources */,
				5B4398D421DA183D009B3E72 /* ViewController.swift in Sources */,
				5B4398D921DA183D009B3E72 /* MainConfig.swift in Sources */,
				5BB2853621D82E2200D84D97 /* AppDelegate.swift in Sources */,
				5B4398ED21DA183D009B3E72 /* Kalina.swift in Sources */,
				5B4398EE21DA183D009B3E72 /* XRay.swift in Sources */,
				5B4398D521DA183D009B3E72 /* AllDataCategory.swift in Sources */,
				5B4398DD21DA183D009B3E72 /* Repairt.swift in Sources */,
				5B4398DC21DA183D009B3E72 /* AutoShop.swift in Sources */,
				5B4398D621DA183D009B3E72 /* TableCategoryVC.swift in Sources */,
			);
			runOnlyForDeploymentPostprocessing = 0;
		};
		5BB2854221D82E2400D84D97 /* Sources */ = {
			isa = PBXSourcesBuildPhase;
			buildActionMask = 2147483647;
			files = (
				5BB2854B21D82E2400D84D97 /* AutoShopTests.swift in Sources */,
			);
			runOnlyForDeploymentPostprocessing = 0;
		};
		5BB2854D21D82E2400D84D97 /* Sources */ = {
			isa = PBXSourcesBuildPhase;
			buildActionMask = 2147483647;
			files = (
				5BB2855621D82E2400D84D97 /* AutoShopUITests.swift in Sources */,
			);
			runOnlyForDeploymentPostprocessing = 0;
		};
/* End PBXSourcesBuildPhase section */

/* Begin PBXTargetDependency section */
		5BB2854821D82E2400D84D97 /* PBXTargetDependency */ = {
			isa = PBXTargetDependency;
			target = 5BB2853121D82E2200D84D97 /* AutoShop */;
			targetProxy = 5BB2854721D82E2400D84D97 /* PBXContainerItemProxy */;
		};
		5BB2855321D82E2400D84D97 /* PBXTargetDependency */ = {
			isa = PBXTargetDependency;
			target = 5BB2853121D82E2200D84D97 /* AutoShop */;
			targetProxy = 5BB2855221D82E2400D84D97 /* PBXContainerItemProxy */;
		};
/* End PBXTargetDependency section */

/* Begin PBXVariantGroup section */
		5BB2853921D82E2200D84D97 /* Main.storyboard */ = {
			isa = PBXVariantGroup;
			children = (
				5BB2853A21D82E2200D84D97 /* Base */,
			);
			name = Main.storyboard;
			sourceTree = "<group>";
		};
		5BB2853E21D82E2400D84D97 /* LaunchScreen.storyboard */ = {
			isa = PBXVariantGroup;
			children = (
				5BB2853F21D82E2400D84D97 /* Base */,
			);
			name = LaunchScreen.storyboard;
			sourceTree = "<group>";
		};
/* End PBXVariantGroup section */

/* Begin XCBuildConfiguration section */
		5BB2855821D82E2400D84D97 /* Debug */ = {
			isa = XCBuildConfiguration;
			buildSettings = {
				ALWAYS_SEARCH_USER_PATHS = NO;
				CLANG_ANALYZER_NONNULL = YES;
				CLANG_ANALYZER_NUMBER_OBJECT_CONVERSION = YES_AGGRESSIVE;
				CLANG_CXX_LANGUAGE_STANDARD = "gnu++14";
				CLANG_CXX_LIBRARY = "libc++";
				CLANG_ENABLE_MODULES = YES;
				CLANG_ENABLE_OBJC_ARC = YES;
				CLANG_ENABLE_OBJC_WEAK = YES;
				CLANG_WARN_BLOCK_CAPTURE_AUTORELEASING = YES;
				CLANG_WARN_BOOL_CONVERSION = YES;
				CLANG_WARN_COMMA = YES;
				CLANG_WARN_CONSTANT_CONVERSION = YES;
				CLANG_WARN_DEPRECATED_OBJC_IMPLEMENTATIONS = YES;
				CLANG_WARN_DIRECT_OBJC_ISA_USAGE = YES_ERROR;
				CLANG_WARN_DOCUMENTATION_COMMENTS = YES;
				CLANG_WARN_EMPTY_BODY = YES;
				CLANG_WARN_ENUM_CONVERSION = YES;
				CLANG_WARN_INFINITE_RECURSION = YES;
				CLANG_WARN_INT_CONVERSION = YES;
				CLANG_WARN_NON_LITERAL_NULL_CONVERSION = YES;
				CLANG_WARN_OBJC_IMPLICIT_RETAIN_SELF = YES;
				CLANG_WARN_OBJC_LITERAL_CONVERSION = YES;
				CLANG_WARN_OBJC_ROOT_CLASS = YES_ERROR;
				CLANG_WARN_RANGE_LOOP_ANALYSIS = YES;
				CLANG_WARN_STRICT_PROTOTYPES = YES;
				CLANG_WARN_SUSPICIOUS_MOVE = YES;
				CLANG_WARN_UNGUARDED_AVAILABILITY = YES_AGGRESSIVE;
				CLANG_WARN_UNREACHABLE_CODE = YES;
				CLANG_WARN__DUPLICATE_METHOD_MATCH = YES;
				CODE_SIGN_IDENTITY = "iPhone Developer";
				COPY_PHASE_STRIP = NO;
				DEBUG_INFORMATION_FORMAT = dwarf;
				ENABLE_STRICT_OBJC_MSGSEND = YES;
				ENABLE_TESTABILITY = YES;
				GCC_C_LANGUAGE_STANDARD = gnu11;
				GCC_DYNAMIC_NO_PIC = NO;
				GCC_NO_COMMON_BLOCKS = YES;
				GCC_OPTIMIZATION_LEVEL = 0;
				GCC_PREPROCESSOR_DEFINITIONS = (
					"DEBUG=1",
					"$(inherited)",
				);
				GCC_WARN_64_TO_32_BIT_CONVERSION = YES;
				GCC_WARN_ABOUT_RETURN_TYPE = YES_ERROR;
				GCC_WARN_UNDECLARED_SELECTOR = YES;
				GCC_WARN_UNINITIALIZED_AUTOS = YES_AGGRESSIVE;
				GCC_WARN_UNUSED_FUNCTION = YES;
				GCC_WARN_UNUSED_VARIABLE = YES;
				IPHONEOS_DEPLOYMENT_TARGET = 12.1;
				MTL_ENABLE_DEBUG_INFO = INCLUDE_SOURCE;
				MTL_FAST_MATH = YES;
				ONLY_ACTIVE_ARCH = YES;
				SDKROOT = iphoneos;
				SWIFT_ACTIVE_COMPILATION_CONDITIONS = DEBUG;
				SWIFT_OPTIMIZATION_LEVEL = "-Onone";
			};
			name = Debug;
		};
		5BB2855921D82E2400D84D97 /* Release */ = {
			isa = XCBuildConfiguration;
			buildSettings = {
				ALWAYS_SEARCH_USER_PATHS = NO;
				CLANG_ANALYZER_NONNULL = YES;
				CLANG_ANALYZER_NUMBER_OBJECT_CONVERSION = YES_AGGRESSIVE;
				CLANG_CXX_LANGUAGE_STANDARD = "gnu++14";
				CLANG_CXX_LIBRARY = "libc++";
				CLANG_ENABLE_MODULES = YES;
				CLANG_ENABLE_OBJC_ARC = YES;
				CLANG_ENABLE_OBJC_WEAK = YES;
				CLANG_WARN_BLOCK_CAPTURE_AUTORELEASING = YES;
				CLANG_WARN_BOOL_CONVERSION = YES;
				CLANG_WARN_COMMA = YES;
				CLANG_WARN_CONSTANT_CONVERSION = YES;
				CLANG_WARN_DEPRECATED_OBJC_IMPLEMENTATIONS = YES;
				CLANG_WARN_DIRECT_OBJC_ISA_USAGE = YES_ERROR;
				CLANG_WARN_DOCUMENTATION_COMMENTS = YES;
				CLANG_WARN_EMPTY_BODY = YES;
				CLANG_WARN_ENUM_CONVERSION = YES;
				CLANG_WARN_INFINITE_RECURSION = YES;
				CLANG_WARN_INT_CONVERSION = YES;
				CLANG_WARN_NON_LITERAL_NULL_CONVERSION = YES;
				CLANG_WARN_OBJC_IMPLICIT_RETAIN_SELF = YES;
				CLANG_WARN_OBJC_LITERAL_CONVERSION = YES;
				CLANG_WARN_OBJC_ROOT_CLASS = YES_ERROR;
				CLANG_WARN_RANGE_LOOP_ANALYSIS = YES;
				CLANG_WARN_STRICT_PROTOTYPES = YES;
				CLANG_WARN_SUSPICIOUS_MOVE = YES;
				CLANG_WARN_UNGUARDED_AVAILABILITY = YES_AGGRESSIVE;
				CLANG_WARN_UNREACHABLE_CODE = YES;
				CLANG_WARN__DUPLICATE_METHOD_MATCH = YES;
				CODE_SIGN_IDENTITY = "iPhone Developer";
				COPY_PHASE_STRIP = NO;
				DEBUG_INFORMATION_FORMAT = "dwarf-with-dsym";
				ENABLE_NS_ASSERTIONS = NO;
				ENABLE_STRICT_OBJC_MSGSEND = YES;
				GCC_C_LANGUAGE_STANDARD = gnu11;
				GCC_NO_COMMON_BLOCKS = YES;
				GCC_WARN_64_TO_32_BIT_CONVERSION = YES;
				GCC_WARN_ABOUT_RETURN_TYPE = YES_ERROR;
				GCC_WARN_UNDECLARED_SELECTOR = YES;
				GCC_WARN_UNINITIALIZED_AUTOS = YES_AGGRESSIVE;
				GCC_WARN_UNUSED_FUNCTION = YES;
				GCC_WARN_UNUSED_VARIABLE = YES;
				IPHONEOS_DEPLOYMENT_TARGET = 12.1;
				MTL_ENABLE_DEBUG_INFO = NO;
				MTL_FAST_MATH = YES;
				SDKROOT = iphoneos;
				SWIFT_COMPILATION_MODE = wholemodule;
				SWIFT_OPTIMIZATION_LEVEL = "-O";
				VALIDATE_PRODUCT = YES;
			};
			name = Release;
		};
		5BB2855B21D82E2400D84D97 /* Debug */ = {
			isa = XCBuildConfiguration;
			buildSettings = {
				ASSETCATALOG_COMPILER_APPICON_NAME = AppIcon;
				CODE_SIGN_STYLE = Automatic;
				DEVELOPMENT_TEAM = 44YJQTRYW4;
				INFOPLIST_FILE = AutoShop/Info.plist;
				LD_RUNPATH_SEARCH_PATHS = (
					"$(inherited)",
					"@executable_path/Frameworks",
				);
				PRODUCT_BUNDLE_IDENTIFIER = com.SaranskAirport.AutoShop;
				PRODUCT_NAME = "$(TARGET_NAME)";
				SWIFT_VERSION = 4.2;
				TARGETED_DEVICE_FAMILY = "1,2";
			};
			name = Debug;
		};
		5BB2855C21D82E2400D84D97 /* Release */ = {
			isa = XCBuildConfiguration;
			buildSettings = {
				ASSETCATALOG_COMPILER_APPICON_NAME = AppIcon;
				CODE_SIGN_STYLE = Automatic;
				DEVELOPMENT_TEAM = 44YJQTRYW4;
				INFOPLIST_FILE = AutoShop/Info.plist;
				LD_RUNPATH_SEARCH_PATHS = (
					"$(inherited)",
					"@executable_path/Frameworks",
				);
				PRODUCT_BUNDLE_IDENTIFIER = com.SaranskAirport.AutoShop;
				PRODUCT_NAME = "$(TARGET_NAME)";
				SWIFT_VERSION = 4.2;
				TARGETED_DEVICE_FAMILY = "1,2";
			};
			name = Release;
		};
		5BB2855E21D82E2400D84D97 /* Debug */ = {
			isa = XCBuildConfiguration;
			buildSettings = {
				ALWAYS_EMBED_SWIFT_STANDARD_LIBRARIES = YES;
				BUNDLE_LOADER = "$(TEST_HOST)";
				CODE_SIGN_STYLE = Automatic;
				DEVELOPMENT_TEAM = 44YJQTRYW4;
				INFOPLIST_FILE = AutoShopTests/Info.plist;
				LD_RUNPATH_SEARCH_PATHS = (
					"$(inherited)",
					"@executable_path/Frameworks",
					"@loader_path/Frameworks",
				);
				PRODUCT_BUNDLE_IDENTIFIER = com.SaranskAirport.AutoShopTests;
				PRODUCT_NAME = "$(TARGET_NAME)";
				SWIFT_VERSION = 4.2;
				TARGETED_DEVICE_FAMILY = "1,2";
				TEST_HOST = "$(BUILT_PRODUCTS_DIR)/AutoShop.app/AutoShop";
			};
			name = Debug;
		};
		5BB2855F21D82E2400D84D97 /* Release */ = {
			isa = XCBuildConfiguration;
			buildSettings = {
				ALWAYS_EMBED_SWIFT_STANDARD_LIBRARIES = YES;
				BUNDLE_LOADER = "$(TEST_HOST)";
				CODE_SIGN_STYLE = Automatic;
				DEVELOPMENT_TEAM = 44YJQTRYW4;
				INFOPLIST_FILE = AutoShopTests/Info.plist;
				LD_RUNPATH_SEARCH_PATHS = (
					"$(inherited)",
					"@executable_path/Frameworks",
					"@loader_path/Frameworks",
				);
				PRODUCT_BUNDLE_IDENTIFIER = com.SaranskAirport.AutoShopTests;
				PRODUCT_NAME = "$(TARGET_NAME)";
				SWIFT_VERSION = 4.2;
				TARGETED_DEVICE_FAMILY = "1,2";
				TEST_HOST = "$(BUILT_PRODUCTS_DIR)/AutoShop.app/AutoShop";
			};
			name = Release;
		};
		5BB2856121D82E2400D84D97 /* Debug */ = {
			isa = XCBuildConfiguration;
			buildSettings = {
				ALWAYS_EMBED_SWIFT_STANDARD_LIBRARIES = YES;
				CODE_SIGN_STYLE = Automatic;
				DEVELOPMENT_TEAM = 44YJQTRYW4;
				INFOPLIST_FILE = AutoShopUITests/Info.plist;
				LD_RUNPATH_SEARCH_PATHS = (
					"$(inherited)",
					"@executable_path/Frameworks",
					"@loader_path/Frameworks",
				);
				PRODUCT_BUNDLE_IDENTIFIER = com.SaranskAirport.AutoShopUITests;
				PRODUCT_NAME = "$(TARGET_NAME)";
				SWIFT_VERSION = 4.2;
				TARGETED_DEVICE_FAMILY = "1,2";
				TEST_TARGET_NAME = AutoShop;
			};
			name = Debug;
		};
		5BB2856221D82E2400D84D97 /* Release */ = {
			isa = XCBuildConfiguration;
			buildSettings = {
				ALWAYS_EMBED_SWIFT_STANDARD_LIBRARIES = YES;
				CODE_SIGN_STYLE = Automatic;
				DEVELOPMENT_TEAM = 44YJQTRYW4;
				INFOPLIST_FILE = AutoShopUITests/Info.plist;
				LD_RUNPATH_SEARCH_PATHS = (
					"$(inherited)",
					"@executable_path/Frameworks",
					"@loader_path/Frameworks",
				);
				PRODUCT_BUNDLE_IDENTIFIER = com.SaranskAirport.AutoShopUITests;
				PRODUCT_NAME = "$(TARGET_NAME)";
				SWIFT_VERSION = 4.2;
				TARGETED_DEVICE_FAMILY = "1,2";
				TEST_TARGET_NAME = AutoShop;
			};
			name = Release;
		};
/* End XCBuildConfiguration section */

/* Begin XCConfigurationList section */
		5BB2852D21D82E2200D84D97 /* Build configuration list for PBXProject "AutoShop" */ = {
			isa = XCConfigurationList;
			buildConfigurations = (
				5BB2855821D82E2400D84D97 /* Debug */,
				5BB2855921D82E2400D84D97 /* Release */,
			);
			defaultConfigurationIsVisible = 0;
			defaultConfigurationName = Release;
		};
		5BB2855A21D82E2400D84D97 /* Build configuration list for PBXNativeTarget "AutoShop" */ = {
			isa = XCConfigurationList;
			buildConfigurations = (
				5BB2855B21D82E2400D84D97 /* Debug */,
				5BB2855C21D82E2400D84D97 /* Release */,
			);
			defaultConfigurationIsVisible = 0;
			defaultConfigurationName = Release;
		};
		5BB2855D21D82E2400D84D97 /* Build configuration list for PBXNativeTarget "AutoShopTests" */ = {
			isa = XCConfigurationList;
			buildConfigurations = (
				5BB2855E21D82E2400D84D97 /* Debug */,
				5BB2855F21D82E2400D84D97 /* Release */,
			);
			defaultConfigurationIsVisible = 0;
			defaultConfigurationName = Release;
		};
		5BB2856021D82E2400D84D97 /* Build configuration list for PBXNativeTarget "AutoShopUITests" */ = {
			isa = XCConfigurationList;
			buildConfigurations = (
				5BB2856121D82E2400D84D97 /* Debug */,
				5BB2856221D82E2400D84D97 /* Release */,
			);
			defaultConfigurationIsVisible = 0;
			defaultConfigurationName = Release;
		};
/* End XCConfigurationList section */
	};
	rootObject = 5BB2852A21D82E2200D84D97 /* Project object */;
}
